{
    "_meta": {
        "hash": {
            "sha256": "0a8e4f3d296d2a069725b18dec40e6b3af6ed18f3e7e7b3721d192a0d2cb1f2c"
        },
        "pipfile-spec": 6,
        "requires": {
            "python_version": "3.10"
        },
        "sources": [
            {
                "name": "pypi",
                "url": "https://pypi.org/simple",
                "verify_ssl": true
            }
        ]
    },
    "default": {
        "annotated-types": {
            "hashes": [
                "sha256:1f02e8b43a8fbbc3f3e0d4f0f4bfc8131bcb4eebe8849b8e5c773f3a1c582a53",
                "sha256:aff07c09a53a08bc8cfccb9c85b05f1aa9a2a6f23728d790723543408344ce89"
            ],
            "markers": "python_version >= '3.8'",
            "version": "==0.7.0"
        },
        "pydantic": {
            "hashes": [
                "sha256:d970ffb9d030b710795878940bd0489842c638e7252fc4a19c3ae2f7da4d6141",
                "sha256:ead4f3a1e92386a734ca1411cb25d94147cf8778ed5be6b56749047676d6364e"
            ],
            "markers": "python_version >= '3.8'",
            "version": "==2.8.0"
        },
        "pydantic-core": {
            "hashes": [
                "sha256:03aceaf6a5adaad3bec2233edc5a7905026553916615888e53154807e404545c",
                "sha256:05e83ce2f7eba29e627dd8066aa6c4c0269b2d4f889c0eba157233a353053cea",
                "sha256:0b0eefc7633a04c0694340aad91fbfd1986fe1a1e0c63a22793ba40a18fcbdc8",
                "sha256:0e75794883d635071cf6b4ed2a5d7a1e50672ab7a051454c76446ef1ebcdcc91",
                "sha256:0f6dd3612a3b9f91f2e63924ea18a4476656c6d01843ca20a4c09e00422195af",
                "sha256:116b326ac82c8b315e7348390f6d30bcfe6e688a7d3f1de50ff7bcc2042a23c2",
                "sha256:16197e6f4fdecb9892ed2436e507e44f0a1aa2cff3b9306d1c879ea2f9200997",
                "sha256:1c3c5b7f70dd19a6845292b0775295ea81c61540f68671ae06bfe4421b3222c2",
                "sha256:1dacf660d6de692fe351e8c806e7efccf09ee5184865893afbe8e59be4920b4a",
                "sha256:1def125d59a87fe451212a72ab9ed34c118ff771e5473fef4f2f95d8ede26d75",
                "sha256:1e4f46189d8740561b43655263a41aac75ff0388febcb2c9ec4f1b60a0ec12f3",
                "sha256:1f038156b696a1c39d763b2080aeefa87ddb4162c10aa9fabfefffc3dd8180fa",
                "sha256:21d9f7e24f63fdc7118e6cc49defaab8c1d27570782f7e5256169d77498cf7c7",
                "sha256:22b813baf0dbf612752d8143a2dbf8e33ccb850656b7850e009bad2e101fc377",
                "sha256:22e3b1d4b1b3f6082849f9b28427ef147a5b46a6132a3dbaf9ca1baa40c88609",
                "sha256:23425eccef8f2c342f78d3a238c824623836c6c874d93c726673dbf7e56c78c0",
                "sha256:25c46bb2ff6084859bbcfdf4f1a63004b98e88b6d04053e8bf324e115398e9e7",
                "sha256:2761f71faed820e25ec62eacba670d1b5c2709bb131a19fcdbfbb09884593e5a",
                "sha256:2aec8eeea0b08fd6bc2213d8e86811a07491849fd3d79955b62d83e32fa2ad5f",
                "sha256:2d06a7fa437f93782e3f32d739c3ec189f82fca74336c08255f9e20cea1ed378",
                "sha256:316fe7c3fec017affd916a0c83d6f1ec697cbbbdf1124769fa73328e7907cc2e",
                "sha256:344e352c96e53b4f56b53d24728217c69399b8129c16789f70236083c6ceb2ac",
                "sha256:35681445dc85446fb105943d81ae7569aa7e89de80d1ca4ac3229e05c311bdb1",
                "sha256:366be8e64e0cb63d87cf79b4e1765c0703dd6313c729b22e7b9e378db6b96877",
                "sha256:3a7235b46c1bbe201f09b6f0f5e6c36b16bad3d0532a10493742f91fbdc8035f",
                "sha256:3c05eaf6c863781eb834ab41f5963604ab92855822a2062897958089d1335dad",
                "sha256:3e147fc6e27b9a487320d78515c5f29798b539179f7777018cedf51b7749e4f4",
                "sha256:3f0f3a4a23717280a5ee3ac4fb1f81d6fde604c9ec5100f7f6f987716bb8c137",
                "sha256:5084ec9721f82bef5ff7c4d1ee65e1626783abb585f8c0993833490b63fe1792",
                "sha256:52527e8f223ba29608d999d65b204676398009725007c9336651c2ec2d93cffc",
                "sha256:53b06aea7a48919a254b32107647be9128c066aaa6ee6d5d08222325f25ef175",
                "sha256:58e251bb5a5998f7226dc90b0b753eeffa720bd66664eba51927c2a7a2d5f32c",
                "sha256:603a843fea76a595c8f661cd4da4d2281dff1e38c4a836a928eac1a2f8fe88e4",
                "sha256:616b9c2f882393d422ba11b40e72382fe975e806ad693095e9a3b67c59ea6150",
                "sha256:649a764d9b0da29816889424697b2a3746963ad36d3e0968784ceed6e40c6355",
                "sha256:658287a29351166510ebbe0a75c373600cc4367a3d9337b964dada8d38bcc0f4",
                "sha256:6d0f52684868db7c218437d260e14d37948b094493f2646f22d3dda7229bbe3f",
                "sha256:6dc85b9e10cc21d9c1055f15684f76fa4facadddcb6cd63abab702eb93c98943",
                "sha256:72432fd6e868c8d0a6849869e004b8bcae233a3c56383954c228316694920b38",
                "sha256:73deadd6fd8a23e2f40b412b3ac617a112143c8989a4fe265050fd91ba5c0608",
                "sha256:763602504bf640b3ded3bba3f8ed8a1cc2fc6a87b8d55c1c5689f428c49c947e",
                "sha256:7701df088d0b05f3460f7ba15aec81ac8b0fb5690367dfd072a6c38cf5b7fdb5",
                "sha256:78d584caac52c24240ef9ecd75de64c760bbd0e20dbf6973631815e3ef16ef8b",
                "sha256:7a3639011c2e8a9628466f616ed7fb413f30032b891898e10895a0a8b5857d6c",
                "sha256:7b6a24d7b5893392f2b8e3b7a0031ae3b14c6c1942a4615f0d8794fdeeefb08b",
                "sha256:7d4df13d1c55e84351fab51383520b84f490740a9f1fec905362aa64590b7a5d",
                "sha256:7e37b6bb6e90c2b8412b06373c6978d9d81e7199a40e24a6ef480e8acdeaf918",
                "sha256:8093473d7b9e908af1cef30025609afc8f5fd2a16ff07f97440fd911421e4432",
                "sha256:840200827984f1c4e114008abc2f5ede362d6e11ed0b5931681884dd41852ff1",
                "sha256:85770b4b37bb36ef93a6122601795231225641003e0318d23c6233c59b424279",
                "sha256:879ae6bb08a063b3e1b7ac8c860096d8fd6b48dd9b2690b7f2738b8c835e744b",
                "sha256:87d3df115f4a3c8c5e4d5acf067d399c6466d7e604fc9ee9acbe6f0c88a0c3cf",
                "sha256:8b315685832ab9287e6124b5d74fc12dda31e6421d7f6b08525791452844bc2d",
                "sha256:8e49524917b8d3c2f42cd0d2df61178e08e50f5f029f9af1f402b3ee64574392",
                "sha256:978d4123ad1e605daf1ba5e01d4f235bcf7b6e340ef07e7122e8e9cfe3eb61ab",
                "sha256:a0586cddbf4380e24569b8a05f234e7305717cc8323f50114dfb2051fcbce2a3",
                "sha256:a272785a226869416c6b3c1b7e450506152d3844207331f02f27173562c917e0",
                "sha256:a340d2bdebe819d08f605e9705ed551c3feb97e4fd71822d7147c1e4bdbb9508",
                "sha256:a3f243f318bd9523277fa123b3163f4c005a3e8619d4b867064de02f287a564d",
                "sha256:a4f0f71653b1c1bad0350bc0b4cc057ab87b438ff18fa6392533811ebd01439c",
                "sha256:ab760f17c3e792225cdaef31ca23c0aea45c14ce80d8eff62503f86a5ab76bff",
                "sha256:ac76f30d5d3454f4c28826d891fe74d25121a346c69523c9810ebba43f3b1cec",
                "sha256:ad1bd2f377f56fec11d5cfd0977c30061cd19f4fa199bf138b200ec0d5e27eeb",
                "sha256:b2ba34a099576234671f2e4274e5bc6813b22e28778c216d680eabd0db3f7dad",
                "sha256:b2f13c3e955a087c3ec86f97661d9f72a76e221281b2262956af381224cfc243",
                "sha256:b34480fd6778ab356abf1e9086a4ced95002a1e195e8d2fd182b0def9d944d11",
                "sha256:b4a085bd04af7245e140d1b95619fe8abb445a3d7fdf219b3f80c940853268ef",
                "sha256:b81ec2efc04fc1dbf400647d4357d64fb25543bae38d2d19787d69360aad21c9",
                "sha256:b8c46a8cf53e849eea7090f331ae2202cd0f1ceb090b00f5902c423bd1e11805",
                "sha256:bc7e43b4a528ffca8c9151b6a2ca34482c2fdc05e6aa24a84b7f475c896fc51d",
                "sha256:c3dc8ec8b87c7ad534c75b8855168a08a7036fdb9deeeed5705ba9410721c84d",
                "sha256:c4a9732a5cad764ba37f3aa873dccb41b584f69c347a57323eda0930deec8e10",
                "sha256:c867230d715a3dd1d962c8d9bef0d3168994ed663e21bf748b6e3a529a129aab",
                "sha256:cafde15a6f7feaec2f570646e2ffc5b73412295d29134a29067e70740ec6ee20",
                "sha256:cb1ad5b4d73cde784cf64580166568074f5ccd2548d765e690546cff3d80937d",
                "sha256:d08264b4460326cefacc179fc1411304d5af388a79910832835e6f641512358b",
                "sha256:d42669d319db366cb567c3b444f43caa7ffb779bf9530692c6f244fc635a41eb",
                "sha256:d43e7ab3b65e4dc35a7612cfff7b0fd62dce5bc11a7cd198310b57f39847fd6c",
                "sha256:d5b8376a867047bf08910573deb95d3c8dfb976eb014ee24f3b5a61ccc5bee1b",
                "sha256:d6f2d8b8da1f03f577243b07bbdd3412eee3d37d1f2fd71d1513cbc76a8c1239",
                "sha256:d6f8c49657f3eb7720ed4c9b26624063da14937fc94d1812f1e04a2204db3e17",
                "sha256:d70a8ff2d4953afb4cbe6211f17268ad29c0b47e73d3372f40e7775904bc28fc",
                "sha256:d82e5ed3a05f2dcb89c6ead2fd0dbff7ac09bc02c1b4028ece2d3a3854d049ce",
                "sha256:e9dcd7fb34f7bfb239b5fa420033642fff0ad676b765559c3737b91f664d4fa9",
                "sha256:ed741183719a5271f97d93bbcc45ed64619fa38068aaa6e90027d1d17e30dc8d",
                "sha256:ee7785938e407418795e4399b2bf5b5f3cf6cf728077a7f26973220d58d885cf",
                "sha256:efbb412d55a4ffe73963fed95c09ccb83647ec63b711c4b3752be10a56f0090b",
                "sha256:f8ea1d8b7df522e5ced34993c423c3bf3735c53df8b2a15688a2f03a7d678800"
            ],
            "markers": "python_version >= '3.8'",
            "version": "==2.20.0"
        },
        "sqlalchemy": {
            "hashes": [
                "sha256:0b0f658414ee4e4b8cbcd4a9bb0fd743c5eeb81fc858ca517217a8013d282c96",
                "sha256:2196208432deebdfe3b22185d46b08f00ac9d7b01284e168c212919891289396",
                "sha256:23b9fbb2f5dd9e630db70fbe47d963c7779e9c81830869bd7d137c2dc1ad05fb",
                "sha256:26a6a9837589c42b16693cf7bf836f5d42218f44d198f9343dd71d3164ceeeac",
                "sha256:2a21c97efcbb9f255d5c12a96ae14da873233597dfd00a3a0c4ce5b3e5e79704",
                "sha256:2e2c38c2a4c5c634fe6c3c58a789712719fa1bf9b9d6ff5ebfce9a9e5b89c1ca",
                "sha256:2fc47dc6185a83c8100b37acda27658fe4dbd33b7d5e7324111f6521008ab4fe",
                "sha256:2fd17e3bb8058359fa61248c52c7b09a97cf3c820e54207a50af529876451808",
                "sha256:352b2770097f41bff6029b280c0e03b217c2dcaddc40726f8f53ed58d8a85da4",
                "sha256:3b74570d99126992d4b0f91fb87c586a574a5872651185de8297c6f90055ae42",
                "sha256:3cb8a66b167b033ec72c3812ffc8441d4e9f5f78f5e31e54dcd4c90a4ca5bebc",
                "sha256:3f9faef422cfbb8fd53716cd14ba95e2ef655400235c3dfad1b5f467ba179c8c",
                "sha256:4b600e9a212ed59355813becbcf282cfda5c93678e15c25a0ef896b354423238",
                "sha256:501ff052229cb79dd4c49c402f6cb03b5a40ae4771efc8bb2bfac9f6c3d3508f",
                "sha256:56d51ae825d20d604583f82c9527d285e9e6d14f9a5516463d9705dab20c3740",
                "sha256:597fec37c382a5442ffd471f66ce12d07d91b281fd474289356b1a0041bdf31d",
                "sha256:5a48ac4d359f058474fadc2115f78a5cdac9988d4f99eae44917f36aa1476327",
                "sha256:5b6cf796d9fcc9b37011d3f9936189b3c8074a02a4ed0c0fbbc126772c31a6d4",
                "sha256:66f63278db425838b3c2b1c596654b31939427016ba030e951b292e32b99553e",
                "sha256:69f3e3c08867a8e4856e92d7afb618b95cdee18e0bc1647b77599722c9a28911",
                "sha256:6e2622844551945db81c26a02f27d94145b561f9d4b0c39ce7bfd2fda5776dac",
                "sha256:6f77c4f042ad493cb8595e2f503c7a4fe44cd7bd59c7582fd6d78d7e7b8ec52c",
                "sha256:74afabeeff415e35525bf7a4ecdab015f00e06456166a2eba7590e49f8db940e",
                "sha256:750900a471d39a7eeba57580b11983030517a1f512c2cb287d5ad0fcf3aebd58",
                "sha256:78fe11dbe37d92667c2c6e74379f75746dc947ee505555a0197cfba9a6d4f1a4",
                "sha256:79a40771363c5e9f3a77f0e28b3302801db08040928146e6808b5b7a40749c88",
                "sha256:7bd112be780928c7f493c1a192cd8c5fc2a2a7b52b790bc5a84203fb4381c6be",
                "sha256:8a41514c1a779e2aa9a19f67aaadeb5cbddf0b2b508843fcd7bafdf4c6864005",
                "sha256:9f2bee229715b6366f86a95d497c347c22ddffa2c7c96143b59a2aa5cc9eebbc",
                "sha256:9fea3d0884e82d1e33226935dac990b967bef21315cbcc894605db3441347443",
                "sha256:afb6dde6c11ea4525318e279cd93c8734b795ac8bb5dda0eedd9ebaca7fa23f1",
                "sha256:b607489dd4a54de56984a0c7656247504bd5523d9d0ba799aef59d4add009484",
                "sha256:b6e22630e89f0e8c12332b2b4c282cb01cf4da0d26795b7eae16702a608e7ca1",
                "sha256:b9c01990d9015df2c6f818aa8f4297d42ee71c9502026bb074e713d496e26b67",
                "sha256:bd15026f77420eb2b324dcb93551ad9c5f22fab2c150c286ef1dc1160f110203",
                "sha256:c06fb43a51ccdff3b4006aafee9fcf15f63f23c580675f7734245ceb6b6a9e05",
                "sha256:c76c81c52e1e08f12f4b6a07af2b96b9b15ea67ccdd40ae17019f1c373faa227",
                "sha256:ccaf1b0c90435b6e430f5dd30a5aede4764942a695552eb3a4ab74ed63c5b8d3",
                "sha256:cd1591329333daf94467e699e11015d9c944f44c94d2091f4ac493ced0119449",
                "sha256:cd5b94d4819c0c89280b7c6109c7b788a576084bf0a480ae17c227b0bc41e109",
                "sha256:d337bf94052856d1b330d5fcad44582a30c532a2463776e1651bd3294ee7e58b",
                "sha256:dc251477eae03c20fae8db9c1c23ea2ebc47331bcd73927cdcaecd02af98d3c3",
                "sha256:dc6d69f8829712a4fd799d2ac8d79bdeff651c2301b081fd5d3fe697bd5b4ab9",
                "sha256:f2a213c1b699d3f5768a7272de720387ae0122f1becf0901ed6eaa1abd1baf6c",
                "sha256:f3ad7f221d8a69d32d197e5968d798217a4feebe30144986af71ada8c548e9fa",
                "sha256:f43e93057cf52a227eda401251c72b6fbe4756f35fa6bfebb5d73b86881e59b0",
                "sha256:f68470edd70c3ac3b6cd5c2a22a8daf18415203ca1b036aaeb9b0fb6f54e8298",
                "sha256:fa4b1af3e619b5b0b435e333f3967612db06351217c58bfb50cee5f003db2a5a",
                "sha256:fc6b14e8602f59c6ba893980bea96571dd0ed83d8ebb9c4479d9ed5425d562e9"
            ],
            "markers": "python_version >= '3.7'",
            "version": "==2.0.31"
        },
        "sqlmodel": {
            "hashes": [
                "sha256:6c8125d4101970d031e9aae970b20cbeaf44149989f8366d939f4ab21aab8763",
                "sha256:95449b0b48a40a3eecf0a629fa5735b9dfc8a5574a91090d24ca17f02246ad96"
            ],
            "index": "pypi",
            "markers": "python_version >= '3.7'",
            "version": "==0.0.19"
        },
        "typing-extensions": {
            "hashes": [
                "sha256:04e5ca0351e0f3f85c6853954072df659d0d13fac324d0072316b67d7794700d",
                "sha256:1a7ead55c7e559dd4dee8856e3a88b41225abfe1ce8df57b7c13915fe121ffb8"
            ],
            "markers": "python_version < '3.13'",
            "version": "==4.12.2"
        }
    },
    "develop": {}
}
